
Microsoft Visual Studio Solution File, Format Version 12.00
# Visual Studio Version 16
VisualStudioVersion = 16.0.30413.136
MinimumVisualStudioVersion = 10.0.40219.1
Project("{FAE04EC0-301F-11D3-BF4B-00C04F79EFBC}") = "PatentsHelper", "PatentsHelper\PatentsHelper.csproj", "{3277338E-CA2A-49A9-9B64-11DF1F78B126}"
EndProject
Project("{FAE04EC0-301F-11D3-BF4B-00C04F79EFBC}") = "PatentsHelperUi", "PatentsHelperUi\PatentsHelperUi.csproj", "{C4AB7B87-79E9-464F-94FE-99337FF1DA7A}"
EndProject
Project("{FAE04EC0-301F-11D3-BF4B-00C04F79EFBC}") = "PatentsHelperExcel", "PatentsHelperExcel\PatentsHelperExcel.csproj", "{DAFDE0BF-B1E2-424D-85A7-096404021D5C}"
EndProject
Project("{FAE04EC0-301F-11D3-BF4B-00C04F79EFBC}") = "PatentsHelperRn", "PatentsHelperRn\PatentsHelperRn.csproj", "{C079938D-26D2-4A15-8EDD-39B5A2F70358}"
EndProject
Project("{FAE04EC0-301F-11D3-BF4B-00C04F79EFBC}") = "PatentsHelperOutlook", "PatentsHelperOutlook\PatentsHelperOutlook.csproj", "{0557511A-4AEC-4BCE-B5AF-ADFB28C8428D}"
EndProject
Project("{FAE04EC0-301F-11D3-BF4B-00C04F79EFBC}") = "PatentsHelperSettings", "PatentsHelperSettings\PatentsHelperSettings.csproj", "{3F7ED9BE-263B-4639-B4BC-AA9F08024778}"
EndProject
Project("{FAE04EC0-301F-11D3-BF4B-00C04F79EFBC}") = "PatentsHelperCases", "PatentsHelperCases\PatentsHelperCases.csproj", "{39D408A3-E75A-450D-8176-7BDD762C68E9}"
EndProject
Project("{FAE04EC0-301F-11D3-BF4B-00C04F79EFBC}") = "PatentsHelperDeadlines", "PatentsHelperDeadlines\PatentsHelperDeadlines.csproj", "{E87E1BE1-7181-4C4B-8D91-BF253BA94583}"
EndProject
Project("{FAE04EC0-301F-11D3-BF4B-00C04F79EFBC}") = "PatentsHelperWord", "PatentsHelperWord\PatentsHelperWord.csproj", "{56C23DC4-7BA2-4C8E-BF4F-78B11E0FC171}"
EndProject
Project("{FAE04EC0-301F-11D3-BF4B-00C04F79EFBC}") = "PatentsHelperFileSystem", "PatentsHelperFileSystem\PatentsHelperFileSystem.csproj", "{E46161A3-783A-4882-8563-88327D2A244F}"
EndProject
Project("{9A19103F-16F7-4668-BE54-9A1E7A4F7556}") = "ClosedXML", "ClosedXML\ClosedXML.csproj", "{5D02CEA0-7DF5-403D-86F5-66862C4CC45F}"
EndProject
Global
	GlobalSection(SolutionConfigurationPlatforms) = preSolution
		Debug|Any CPU = Debug|Any CPU
		Debug|x64 = Debug|x64
		Debug|x86 = Debug|x86
		Release.Signed|Any CPU = Release.Signed|Any CPU
		Release.Signed|x64 = Release.Signed|x64
		Release.Signed|x86 = Release.Signed|x86
		Release|Any CPU = Release|Any CPU
		Release|x64 = Release|x64
		Release|x86 = Release|x86
	EndGlobalSection
	GlobalSection(ProjectConfigurationPlatforms) = postSolution
		{3277338E-CA2A-49A9-9B64-11DF1F78B126}.Debug|Any CPU.ActiveCfg = Debug|Any CPU
		{3277338E-CA2A-49A9-9B64-11DF1F78B126}.Debug|Any CPU.Build.0 = Debug|Any CPU
		{3277338E-CA2A-49A9-9B64-11DF1F78B126}.Debug|x64.ActiveCfg = Debug|Any CPU
		{3277338E-CA2A-49A9-9B64-11DF1F78B126}.Debug|x64.Build.0 = Debug|Any CPU
		{3277338E-CA2A-49A9-9B64-11DF1F78B126}.Debug|x86.ActiveCfg = Debug|x86
		{3277338E-CA2A-49A9-9B64-11DF1F78B126}.Debug|x86.Build.0 = Debug|x86
		{3277338E-CA2A-49A9-9B64-11DF1F78B126}.Release.Signed|Any CPU.ActiveCfg = Release|Any CPU
		{3277338E-CA2A-49A9-9B64-11DF1F78B126}.Release.Signed|Any CPU.Build.0 = Release|Any CPU
		{3277338E-CA2A-49A9-9B64-11DF1F78B126}.Release.Signed|x64.ActiveCfg = Release|Any CPU
		{3277338E-CA2A-49A9-9B64-11DF1F78B126}.Release.Signed|x64.Build.0 = Release|Any CPU
		{3277338E-CA2A-49A9-9B64-11DF1F78B126}.Release.Signed|x86.ActiveCfg = Release|x86
		{3277338E-CA2A-49A9-9B64-11DF1F78B126}.Release.Signed|x86.Build.0 = Release|x86
		{3277338E-CA2A-49A9-9B64-11DF1F78B126}.Release|Any CPU.ActiveCfg = Release|Any CPU
		{3277338E-CA2A-49A9-9B64-11DF1F78B126}.Release|Any CPU.Build.0 = Release|Any CPU
		{3277338E-CA2A-49A9-9B64-11DF1F78B126}.Release|x64.ActiveCfg = Release|Any CPU
		{3277338E-CA2A-49A9-9B64-11DF1F78B126}.Release|x64.Build.0 = Release|Any CPU
		{3277338E-CA2A-49A9-9B64-11DF1F78B126}.Release|x86.ActiveCfg = Release|x86
		{3277338E-CA2A-49A9-9B64-11DF1F78B126}.Release|x86.Build.0 = Release|x86
		{C4AB7B87-79E9-464F-94FE-99337FF1DA7A}.Debug|Any CPU.ActiveCfg = Debug|Any CPU
		{C4AB7B87-79E9-464F-94FE-99337FF1DA7A}.Debug|Any CPU.Build.0 = Debug|Any CPU
		{C4AB7B87-79E9-464F-94FE-99337FF1DA7A}.Debug|x64.ActiveCfg = Debug|Any CPU
		{C4AB7B87-79E9-464F-94FE-99337FF1DA7A}.Debug|x64.Build.0 = Debug|Any CPU
		{C4AB7B87-79E9-464F-94FE-99337FF1DA7A}.Debug|x86.ActiveCfg = Debug|Any CPU
		{C4AB7B87-79E9-464F-94FE-99337FF1DA7A}.Debug|x86.Build.0 = Debug|Any CPU
		{C4AB7B87-79E9-464F-94FE-99337FF1DA7A}.Release.Signed|Any CPU.ActiveCfg = Release|Any CPU
		{C4AB7B87-79E9-464F-94FE-99337FF1DA7A}.Release.Signed|Any CPU.Build.0 = Release|Any CPU
		{C4AB7B87-79E9-464F-94FE-99337FF1DA7A}.Release.Signed|x64.ActiveCfg = Release|Any CPU
		{C4AB7B87-79E9-464F-94FE-99337FF1DA7A}.Release.Signed|x64.Build.0 = Release|Any CPU
		{C4AB7B87-79E9-464F-94FE-99337FF1DA7A}.Release.Signed|x86.ActiveCfg = Release|Any CPU
		{C4AB7B87-79E9-464F-94FE-99337FF1DA7A}.Release.Signed|x86.Build.0 = Release|Any CPU
		{C4AB7B87-79E9-464F-94FE-99337FF1DA7A}.Release|Any CPU.ActiveCfg = Release|Any CPU
		{C4AB7B87-79E9-464F-94FE-99337FF1DA7A}.Release|Any CPU.Build.0 = Release|Any CPU
		{C4AB7B87-79E9-464F-94FE-99337FF1DA7A}.Release|x64.ActiveCfg = Release|Any CPU
		{C4AB7B87-79E9-464F-94FE-99337FF1DA7A}.Release|x64.Build.0 = Release|Any CPU
		{C4AB7B87-79E9-464F-94FE-99337FF1DA7A}.Release|x86.ActiveCfg = Release|Any CPU
		{C4AB7B87-79E9-464F-94FE-99337FF1DA7A}.Release|x86.Build.0 = Release|Any CPU
		{DAFDE0BF-B1E2-424D-85A7-096404021D5C}.Debug|Any CPU.ActiveCfg = Debug|Any CPU
		{DAFDE0BF-B1E2-424D-85A7-096404021D5C}.Debug|Any CPU.Build.0 = Debug|Any CPU
		{DAFDE0BF-B1E2-424D-85A7-096404021D5C}.Debug|x64.ActiveCfg = Debug|Any CPU
		{DAFDE0BF-B1E2-424D-85A7-096404021D5C}.Debug|x64.Build.0 = Debug|Any CPU
		{DAFDE0BF-B1E2-424D-85A7-096404021D5C}.Debug|x86.ActiveCfg = Debug|Any CPU
		{DAFDE0BF-B1E2-424D-85A7-096404021D5C}.Debug|x86.Build.0 = Debug|Any CPU
		{DAFDE0BF-B1E2-424D-85A7-096404021D5C}.Release.Signed|Any CPU.ActiveCfg = Release|Any CPU
		{DAFDE0BF-B1E2-424D-85A7-096404021D5C}.Release.Signed|Any CPU.Build.0 = Release|Any CPU
		{DAFDE0BF-B1E2-424D-85A7-096404021D5C}.Release.Signed|x64.ActiveCfg = Release|Any CPU
		{DAFDE0BF-B1E2-424D-85A7-096404021D5C}.Release.Signed|x64.Build.0 = Release|Any CPU
		{DAFDE0BF-B1E2-424D-85A7-096404021D5C}.Release.Signed|x86.ActiveCfg = Release|Any CPU
		{DAFDE0BF-B1E2-424D-85A7-096404021D5C}.Release.Signed|x86.Build.0 = Release|Any CPU
		{DAFDE0BF-B1E2-424D-85A7-096404021D5C}.Release|Any CPU.ActiveCfg = Release|Any CPU
		{DAFDE0BF-B1E2-424D-85A7-096404021D5C}.Release|Any CPU.Build.0 = Release|Any CPU
		{DAFDE0BF-B1E2-424D-85A7-096404021D5C}.Release|x64.ActiveCfg = Release|Any CPU
		{DAFDE0BF-B1E2-424D-85A7-096404021D5C}.Release|x64.Build.0 = Release|Any CPU
		{DAFDE0BF-B1E2-424D-85A7-096404021D5C}.Release|x86.ActiveCfg = Release|Any CPU
		{DAFDE0BF-B1E2-424D-85A7-096404021D5C}.Release|x86.Build.0 = Release|Any CPU
		{C079938D-26D2-4A15-8EDD-39B5A2F70358}.Debug|Any CPU.ActiveCfg = Debug|Any CPU
		{C079938D-26D2-4A15-8EDD-39B5A2F70358}.Debug|Any CPU.Build.0 = Debug|Any CPU
		{C079938D-26D2-4A15-8EDD-39B5A2F70358}.Debug|x64.ActiveCfg = Debug|Any CPU
		{C079938D-26D2-4A15-8EDD-39B5A2F70358}.Debug|x64.Build.0 = Debug|Any CPU
		{C079938D-26D2-4A15-8EDD-39B5A2F70358}.Debug|x86.ActiveCfg = Debug|Any CPU
		{C079938D-26D2-4A15-8EDD-39B5A2F70358}.Debug|x86.Build.0 = Debug|Any CPU
		{C079938D-26D2-4A15-8EDD-39B5A2F70358}.Release.Signed|Any CPU.ActiveCfg = Release|Any CPU
		{C079938D-26D2-4A15-8EDD-39B5A2F70358}.Release.Signed|Any CPU.Build.0 = Release|Any CPU
		{C079938D-26D2-4A15-8EDD-39B5A2F70358}.Release.Signed|x64.ActiveCfg = Release|Any CPU
		{C079938D-26D2-4A15-8EDD-39B5A2F70358}.Release.Signed|x64.Build.0 = Release|Any CPU
		{C079938D-26D2-4A15-8EDD-39B5A2F70358}.Release.Signed|x86.ActiveCfg = Release|Any CPU
		{C079938D-26D2-4A15-8EDD-39B5A2F70358}.Release.Signed|x86.Build.0 = Release|Any CPU
		{C079938D-26D2-4A15-8EDD-39B5A2F70358}.Release|Any CPU.ActiveCfg = Release|Any CPU
		{C079938D-26D2-4A15-8EDD-39B5A2F70358}.Release|Any CPU.Build.0 = Release|Any CPU
		{C079938D-26D2-4A15-8EDD-39B5A2F70358}.Release|x64.ActiveCfg = Release|Any CPU
		{C079938D-26D2-4A15-8EDD-39B5A2F70358}.Release|x64.Build.0 = Release|Any CPU
		{C079938D-26D2-4A15-8EDD-39B5A2F70358}.Release|x86.ActiveCfg = Release|Any CPU
		{C079938D-26D2-4A15-8EDD-39B5A2F70358}.Release|x86.Build.0 = Release|Any CPU
		{0557511A-4AEC-4BCE-B5AF-ADFB28C8428D}.Debug|Any CPU.ActiveCfg = Debug|Any CPU
		{0557511A-4AEC-4BCE-B5AF-ADFB28C8428D}.Debug|Any CPU.Build.0 = Debug|Any CPU
		{0557511A-4AEC-4BCE-B5AF-ADFB28C8428D}.Debug|x64.ActiveCfg = Debug|Any CPU
		{0557511A-4AEC-4BCE-B5AF-ADFB28C8428D}.Debug|x64.Build.0 = Debug|Any CPU
		{0557511A-4AEC-4BCE-B5AF-ADFB28C8428D}.Debug|x86.ActiveCfg = Debug|Any CPU
		{0557511A-4AEC-4BCE-B5AF-ADFB28C8428D}.Debug|x86.Build.0 = Debug|Any CPU
		{0557511A-4AEC-4BCE-B5AF-ADFB28C8428D}.Release.Signed|Any CPU.ActiveCfg = Release|Any CPU
		{0557511A-4AEC-4BCE-B5AF-ADFB28C8428D}.Release.Signed|Any CPU.Build.0 = Release|Any CPU
		{0557511A-4AEC-4BCE-B5AF-ADFB28C8428D}.Release.Signed|x64.ActiveCfg = Release|Any CPU
		{0557511A-4AEC-4BCE-B5AF-ADFB28C8428D}.Release.Signed|x64.Build.0 = Release|Any CPU
		{0557511A-4AEC-4BCE-B5AF-ADFB28C8428D}.Release.Signed|x86.ActiveCfg = Release|Any CPU
		{0557511A-4AEC-4BCE-B5AF-ADFB28C8428D}.Release.Signed|x86.Build.0 = Release|Any CPU
		{0557511A-4AEC-4BCE-B5AF-ADFB28C8428D}.Release|Any CPU.ActiveCfg = Release|Any CPU
		{0557511A-4AEC-4BCE-B5AF-ADFB28C8428D}.Release|Any CPU.Build.0 = Release|Any CPU
		{0557511A-4AEC-4BCE-B5AF-ADFB28C8428D}.Release|x64.ActiveCfg = Release|Any CPU
		{0557511A-4AEC-4BCE-B5AF-ADFB28C8428D}.Release|x64.Build.0 = Release|Any CPU
		{0557511A-4AEC-4BCE-B5AF-ADFB28C8428D}.Release|x86.ActiveCfg = Release|Any CPU
		{0557511A-4AEC-4BCE-B5AF-ADFB28C8428D}.Release|x86.Build.0 = Release|Any CPU
		{3F7ED9BE-263B-4639-B4BC-AA9F08024778}.Debug|Any CPU.ActiveCfg = Debug|Any CPU
		{3F7ED9BE-263B-4639-B4BC-AA9F08024778}.Debug|Any CPU.Build.0 = Debug|Any CPU
		{3F7ED9BE-263B-4639-B4BC-AA9F08024778}.Debug|x64.ActiveCfg = Debug|Any CPU
		{3F7ED9BE-263B-4639-B4BC-AA9F08024778}.Debug|x64.Build.0 = Debug|Any CPU
		{3F7ED9BE-263B-4639-B4BC-AA9F08024778}.Debug|x86.ActiveCfg = Debug|Any CPU
		{3F7ED9BE-263B-4639-B4BC-AA9F08024778}.Debug|x86.Build.0 = Debug|Any CPU
		{3F7ED9BE-263B-4639-B4BC-AA9F08024778}.Release.Signed|Any CPU.ActiveCfg = Release|Any CPU
		{3F7ED9BE-263B-4639-B4BC-AA9F08024778}.Release.Signed|Any CPU.Build.0 = Release|Any CPU
		{3F7ED9BE-263B-4639-B4BC-AA9F08024778}.Release.Signed|x64.ActiveCfg = Release|x64
		{3F7ED9BE-263B-4639-B4BC-AA9F08024778}.Release.Signed|x64.Build.0 = Release|x64
		{3F7ED9BE-263B-4639-B4BC-AA9F08024778}.Release.Signed|x86.ActiveCfg = Release|Any CPU
		{3F7ED9BE-263B-4639-B4BC-AA9F08024778}.Release.Signed|x86.Build.0 = Release|Any CPU
		{3F7ED9BE-263B-4639-B4BC-AA9F08024778}.Release|Any CPU.ActiveCfg = Release|Any CPU
		{3F7ED9BE-263B-4639-B4BC-AA9F08024778}.Release|Any CPU.Build.0 = Release|Any CPU
		{3F7ED9BE-263B-4639-B4BC-AA9F08024778}.Release|x64.ActiveCfg = Release|x64
		{3F7ED9BE-263B-4639-B4BC-AA9F08024778}.Release|x64.Build.0 = Release|x64
		{3F7ED9BE-263B-4639-B4BC-AA9F08024778}.Release|x86.ActiveCfg = Release|Any CPU
		{3F7ED9BE-263B-4639-B4BC-AA9F08024778}.Release|x86.Build.0 = Release|Any CPU
		{39D408A3-E75A-450D-8176-7BDD762C68E9}.Debug|Any CPU.ActiveCfg = Debug|Any CPU
		{39D408A3-E75A-450D-8176-7BDD762C68E9}.Debug|Any CPU.Build.0 = Debug|Any CPU
		{39D408A3-E75A-450D-8176-7BDD762C68E9}.Debug|x64.ActiveCfg = Debug|Any CPU
		{39D408A3-E75A-450D-8176-7BDD762C68E9}.Debug|x64.Build.0 = Debug|Any CPU
		{39D408A3-E75A-450D-8176-7BDD762C68E9}.Debug|x86.ActiveCfg = Debug|Any CPU
		{39D408A3-E75A-450D-8176-7BDD762C68E9}.Debug|x86.Build.0 = Debug|Any CPU
		{39D408A3-E75A-450D-8176-7BDD762C68E9}.Release.Signed|Any CPU.ActiveCfg = Release|Any CPU
		{39D408A3-E75A-450D-8176-7BDD762C68E9}.Release.Signed|Any CPU.Build.0 = Release|Any CPU
		{39D408A3-E75A-450D-8176-7BDD762C68E9}.Release.Signed|x64.ActiveCfg = Release|Any CPU
		{39D408A3-E75A-450D-8176-7BDD762C68E9}.Release.Signed|x64.Build.0 = Release|Any CPU
		{39D408A3-E75A-450D-8176-7BDD762C68E9}.Release.Signed|x86.ActiveCfg = Release|Any CPU
		{39D408A3-E75A-450D-8176-7BDD762C68E9}.Release.Signed|x86.Build.0 = Release|Any CPU
		{39D408A3-E75A-450D-8176-7BDD762C68E9}.Release|Any CPU.ActiveCfg = Release|Any CPU
		{39D408A3-E75A-450D-8176-7BDD762C68E9}.Release|Any CPU.Build.0 = Release|Any CPU
		{39D408A3-E75A-450D-8176-7BDD762C68E9}.Release|x64.ActiveCfg = Release|Any CPU
		{39D408A3-E75A-450D-8176-7BDD762C68E9}.Release|x64.Build.0 = Release|Any CPU
		{39D408A3-E75A-450D-8176-7BDD762C68E9}.Release|x86.ActiveCfg = Release|Any CPU
		{39D408A3-E75A-450D-8176-7BDD762C68E9}.Release|x86.Build.0 = Release|Any CPU
		{E87E1BE1-7181-4C4B-8D91-BF253BA94583}.Debug|Any CPU.ActiveCfg = Debug|Any CPU
		{E87E1BE1-7181-4C4B-8D91-BF253BA94583}.Debug|Any CPU.Build.0 = Debug|Any CPU
		{E87E1BE1-7181-4C4B-8D91-BF253BA94583}.Debug|x64.ActiveCfg = Debug|Any CPU
		{E87E1BE1-7181-4C4B-8D91-BF253BA94583}.Debug|x64.Build.0 = Debug|Any CPU
		{E87E1BE1-7181-4C4B-8D91-BF253BA94583}.Debug|x86.ActiveCfg = Debug|Any CPU
		{E87E1BE1-7181-4C4B-8D91-BF253BA94583}.Debug|x86.Build.0 = Debug|Any CPU
		{E87E1BE1-7181-4C4B-8D91-BF253BA94583}.Release.Signed|Any CPU.ActiveCfg = Release|Any CPU
		{E87E1BE1-7181-4C4B-8D91-BF253BA94583}.Release.Signed|Any CPU.Build.0 = Release|Any CPU
		{E87E1BE1-7181-4C4B-8D91-BF253BA94583}.Release.Signed|x64.ActiveCfg = Release|Any CPU
		{E87E1BE1-7181-4C4B-8D91-BF253BA94583}.Release.Signed|x64.Build.0 = Release|Any CPU
		{E87E1BE1-7181-4C4B-8D91-BF253BA94583}.Release.Signed|x86.ActiveCfg = Release|Any CPU
		{E87E1BE1-7181-4C4B-8D91-BF253BA94583}.Release.Signed|x86.Build.0 = Release|Any CPU
		{E87E1BE1-7181-4C4B-8D91-BF253BA94583}.Release|Any CPU.ActiveCfg = Release|Any CPU
		{E87E1BE1-7181-4C4B-8D91-BF253BA94583}.Release|Any CPU.Build.0 = Release|Any CPU
		{E87E1BE1-7181-4C4B-8D91-BF253BA94583}.Release|x64.ActiveCfg = Release|Any CPU
		{E87E1BE1-7181-4C4B-8D91-BF253BA94583}.Release|x64.Build.0 = Release|Any CPU
		{E87E1BE1-7181-4C4B-8D91-BF253BA94583}.Release|x86.ActiveCfg = Release|Any CPU
		{E87E1BE1-7181-4C4B-8D91-BF253BA94583}.Release|x86.Build.0 = Release|Any CPU
		{56C23DC4-7BA2-4C8E-BF4F-78B11E0FC171}.Debug|Any CPU.ActiveCfg = Debug|Any CPU
		{56C23DC4-7BA2-4C8E-BF4F-78B11E0FC171}.Debug|Any CPU.Build.0 = Debug|Any CPU
		{56C23DC4-7BA2-4C8E-BF4F-78B11E0FC171}.Debug|x64.ActiveCfg = Debug|Any CPU
		{56C23DC4-7BA2-4C8E-BF4F-78B11E0FC171}.Debug|x64.Build.0 = Debug|Any CPU
		{56C23DC4-7BA2-4C8E-BF4F-78B11E0FC171}.Debug|x86.ActiveCfg = Debug|Any CPU
		{56C23DC4-7BA2-4C8E-BF4F-78B11E0FC171}.Debug|x86.Build.0 = Debug|Any CPU
		{56C23DC4-7BA2-4C8E-BF4F-78B11E0FC171}.Release.Signed|Any CPU.ActiveCfg = Release|Any CPU
		{56C23DC4-7BA2-4C8E-BF4F-78B11E0FC171}.Release.Signed|Any CPU.Build.0 = Release|Any CPU
		{56C23DC4-7BA2-4C8E-BF4F-78B11E0FC171}.Release.Signed|x64.ActiveCfg = Release|Any CPU
		{56C23DC4-7BA2-4C8E-BF4F-78B11E0FC171}.Release.Signed|x64.Build.0 = Release|Any CPU
		{56C23DC4-7BA2-4C8E-BF4F-78B11E0FC171}.Release.Signed|x86.ActiveCfg = Release|Any CPU
		{56C23DC4-7BA2-4C8E-BF4F-78B11E0FC171}.Release.Signed|x86.Build.0 = Release|Any CPU
		{56C23DC4-7BA2-4C8E-BF4F-78B11E0FC171}.Release|Any CPU.ActiveCfg = Release|Any CPU
		{56C23DC4-7BA2-4C8E-BF4F-78B11E0FC171}.Release|Any CPU.Build.0 = Release|Any CPU
		{56C23DC4-7BA2-4C8E-BF4F-78B11E0FC171}.Release|x64.ActiveCfg = Release|Any CPU
		{56C23DC4-7BA2-4C8E-BF4F-78B11E0FC171}.Release|x64.Build.0 = Release|Any CPU
		{56C23DC4-7BA2-4C8E-BF4F-78B11E0FC171}.Release|x86.ActiveCfg = Release|Any CPU
		{56C23DC4-7BA2-4C8E-BF4F-78B11E0FC171}.Release|x86.Build.0 = Release|Any CPU
		{E46161A3-783A-4882-8563-88327D2A244F}.Debug|Any CPU.ActiveCfg = Debug|Any CPU
		{E46161A3-783A-4882-8563-88327D2A244F}.Debug|Any CPU.Build.0 = Debug|Any CPU
		{E46161A3-783A-4882-8563-88327D2A244F}.Debug|x64.ActiveCfg = Debug|Any CPU
		{E46161A3-783A-4882-8563-88327D2A244F}.Debug|x64.Build.0 = Debug|Any CPU
		{E46161A3-783A-4882-8563-88327D2A244F}.Debug|x86.ActiveCfg = Debug|Any CPU
		{E46161A3-783A-4882-8563-88327D2A244F}.Debug|x86.Build.0 = Debug|Any CPU
		{E46161A3-783A-4882-8563-88327D2A244F}.Release.Signed|Any CPU.ActiveCfg = Release|Any CPU
		{E46161A3-783A-4882-8563-88327D2A244F}.Release.Signed|Any CPU.Build.0 = Release|Any CPU
		{E46161A3-783A-4882-8563-88327D2A244F}.Release.Signed|x64.ActiveCfg = Release|Any CPU
		{E46161A3-783A-4882-8563-88327D2A244F}.Release.Signed|x64.Build.0 = Release|Any CPU
		{E46161A3-783A-4882-8563-88327D2A244F}.Release.Signed|x86.ActiveCfg = Release|Any CPU
		{E46161A3-783A-4882-8563-88327D2A244F}.Release.Signed|x86.Build.0 = Release|Any CPU
		{E46161A3-783A-4882-8563-88327D2A244F}.Release|Any CPU.ActiveCfg = Release|Any CPU
		{E46161A3-783A-4882-8563-88327D2A244F}.Release|Any CPU.Build.0 = Release|Any CPU
		{E46161A3-783A-4882-8563-88327D2A244F}.Release|x64.ActiveCfg = Release|Any CPU
		{E46161A3-783A-4882-8563-88327D2A244F}.Release|x64.Build.0 = Release|Any CPU
		{E46161A3-783A-4882-8563-88327D2A244F}.Release|x86.ActiveCfg = Release|Any CPU
		{E46161A3-783A-4882-8563-88327D2A244F}.Release|x86.Build.0 = Release|Any CPU
		{5D02CEA0-7DF5-403D-86F5-66862C4CC45F}.Debug|Any CPU.ActiveCfg = Debug|Any CPU
		{5D02CEA0-7DF5-403D-86F5-66862C4CC45F}.Debug|Any CPU.Build.0 = Debug|Any CPU
		{5D02CEA0-7DF5-403D-86F5-66862C4CC45F}.Debug|x64.ActiveCfg = Debug|Any CPU
		{5D02CEA0-7DF5-403D-86F5-66862C4CC45F}.Debug|x64.Build.0 = Debug|Any CPU
		{5D02CEA0-7DF5-403D-86F5-66862C4CC45F}.Debug|x86.ActiveCfg = Debug|Any CPU
		{5D02CEA0-7DF5-403D-86F5-66862C4CC45F}.Debug|x86.Build.0 = Debug|Any CPU
		{5D02CEA0-7DF5-403D-86F5-66862C4CC45F}.Release.Signed|Any CPU.ActiveCfg = Release.Signed|Any CPU
		{5D02CEA0-7DF5-403D-86F5-66862C4CC45F}.Release.Signed|Any CPU.Build.0 = Release.Signed|Any CPU
		{5D02CEA0-7DF5-403D-86F5-66862C4CC45F}.Release.Signed|x64.ActiveCfg = Release.Signed|Any CPU
		{5D02CEA0-7DF5-403D-86F5-66862C4CC45F}.Release.Signed|x64.Build.0 = Release.Signed|Any CPU
		{5D02CEA0-7DF5-403D-86F5-66862C4CC45F}.Release.Signed|x86.ActiveCfg = Release.Signed|Any CPU
		{5D02CEA0-7DF5-403D-86F5-66862C4CC45F}.Release.Signed|x86.Build.0 = Release.Signed|Any CPU
		{5D02CEA0-7DF5-403D-86F5-66862C4CC45F}.Release|Any CPU.ActiveCfg = Release|Any CPU
		{5D02CEA0-7DF5-403D-86F5-66862C4CC45F}.Release|Any CPU.Build.0 = Release|Any CPU
		{5D02CEA0-7DF5-403D-86F5-66862C4CC45F}.Release|x64.ActiveCfg = Release|Any CPU
		{5D02CEA0-7DF5-403D-86F5-66862C4CC45F}.Release|x64.Build.0 = Release|Any CPU
		{5D02CEA0-7DF5-403D-86F5-66862C4CC45F}.Release|x86.ActiveCfg = Release|Any CPU
		{5D02CEA0-7DF5-403D-86F5-66862C4CC45F}.Release|x86.Build.0 = Release|Any CPU
	EndGlobalSection
	GlobalSection(SolutionProperties) = preSolution
		HideSolutionNode = FALSE
	EndGlobalSection
	GlobalSection(ExtensibilityGlobals) = postSolution
		SolutionGuid = {D4265AA2-9213-47E1-83CF-C049F446BE8A}
	EndGlobalSection
EndGlobal
