
Microsoft Visual Studio Solution File, Format Version 12.00
# Visual Studio Version 16
VisualStudioVersion = 16.0.30413.136
MinimumVisualStudioVersion = 10.0.40219.1
Project("{FAE04EC0-301F-11D3-BF4B-00C04F79EFBC}") = "PatentsHelper", "PatentsHelper\PatentsHelper.csproj", "{3277338E-CA2A-49A9-9B64-11DF1F78B126}"
EndProject
Global
	GlobalSection(SolutionConfigurationPlatforms) = preSolution
		Debug|Any CPU = Debug|Any CPU
		Release|Any CPU = Release|Any CPU
	EndGlobalSection
	GlobalSection(ProjectConfigurationPlatforms) = postSolution
		{3277338E-CA2A-49A9-9B64-11DF1F78B126}.Debug|Any CPU.ActiveCfg = Debug|Any CPU
		{3277338E-CA2A-49A9-9B64-11DF1F78B126}.Debug|Any CPU.Build.0 = Debug|Any CPU
		{3277338E-CA2A-49A9-9B64-11DF1F78B126}.Release|Any CPU.ActiveCfg = Release|Any CPU
		{3277338E-CA2A-49A9-9B64-11DF1F78B126}.Release|Any CPU.Build.0 = Release|Any CPU
	EndGlobalSection
	GlobalSection(SolutionProperties) = preSolution
		HideSolutionNode = FALSE
	EndGlobalSection
	GlobalSection(ExtensibilityGlobals) = postSolution
		SolutionGuid = {D4265AA2-9213-47E1-83CF-C049F446BE8A}
	EndGlobalSection
EndGlobal
